// !$*UTF8*$!
{
	archiveVersion = 1;
	classes = {
	};
	objectVersion = 46;
	objects = {

/* Begin PBXBuildFile section */
		9818DF1E1EC7B0B80057081A /* AppDelegate.swift in Sources */ = {isa = PBXBuildFile; fileRef = 9818DF1D1EC7B0B80057081A /* AppDelegate.swift */; };
		9818DF201EC7B0B80057081A /* ViewController.swift in Sources */ = {isa = PBXBuildFile; fileRef = 9818DF1F1EC7B0B80057081A /* ViewController.swift */; };
		9818DF231EC7B0B80057081A /* Main.storyboard in Resources */ = {isa = PBXBuildFile; fileRef = 9818DF211EC7B0B80057081A /* Main.storyboard */; };
		9818DF251EC7B0B80057081A /* Assets.xcassets in Resources */ = {isa = PBXBuildFile; fileRef = 9818DF241EC7B0B80057081A /* Assets.xcassets */; };
		9818DF281EC7B0B80057081A /* LaunchScreen.storyboard in Resources */ = {isa = PBXBuildFile; fileRef = 9818DF261EC7B0B80057081A /* LaunchScreen.storyboard */; };
		9818DF301EC7B13E0057081A /* Configuration.swift in Sources */ = {isa = PBXBuildFile; fileRef = 9818DF2F1EC7B13E0057081A /* Configuration.swift */; };
		9818DF321EC7B17A0057081A /* ConfigurationManager.swift in Sources */ = {isa = PBXBuildFile; fileRef = 9818DF311EC7B17A0057081A /* ConfigurationManager.swift */; };
/* End PBXBuildFile section */

/* Begin PBXFileReference section */
		9818DF1A1EC7B0B80057081A /* KVOTest.app */ = {isa = PBXFileReference; explicitFileType = wrapper.application; includeInIndex = 0; path = KVOTest.app; sourceTree = BUILT_PRODUCTS_DIR; };
		9818DF1D1EC7B0B80057081A /* AppDelegate.swift */ = {isa = PBXFileReference; lastKnownFileType = sourcecode.swift; path = AppDelegate.swift; sourceTree = "<group>"; };
		9818DF1F1EC7B0B80057081A /* ViewController.swift */ = {isa = PBXFileReference; lastKnownFileType = sourcecode.swift; path = ViewController.swift; sourceTree = "<group>"; };
		9818DF221EC7B0B80057081A /* Base */ = {isa = PBXFileReference; lastKnownFileType = file.storyboard; name = Base; path = Base.lproj/Main.storyboard; sourceTree = "<group>"; };
		9818DF241EC7B0B80057081A /* Assets.xcassets */ = {isa = PBXFileReference; lastKnownFileType = folder.assetcatalog; path = Assets.xcassets; sourceTree = "<group>"; };
		9818DF271EC7B0B80057081A /* Base */ = {isa = PBXFileReference; lastKnownFileType = file.storyboard; name = Base; path = Base.lproj/LaunchScreen.storyboard; sourceTree = "<group>"; };
		9818DF291EC7B0B80057081A /* Info.plist */ = {isa = PBXFileReference; lastKnownFileType = text.plist.xml; path = Info.plist; sourceTree = "<group>"; };
		9818DF2F1EC7B13E0057081A /* Configuration.swift */ = {isa = PBXFileReference; fileEncoding = 4; lastKnownFileType = sourcecode.swift; path = Configuration.swift; sourceTree = "<group>"; };
		9818DF311EC7B17A0057081A /* ConfigurationManager.swift */ = {isa = PBXFileReference; fileEncoding = 4; lastKnownFileType = sourcecode.swift; path = ConfigurationManager.swift; sourceTree = "<group>"; };
/* End PBXFileReference section */

/* Begin PBXFrameworksBuildPhase section */
		9818DF171EC7B0B80057081A /* Frameworks */ = {
			isa = PBXFrameworksBuildPhase;
			buildActionMask = 2147483647;
			files = (
			);
			runOnlyForDeploymentPostprocessing = 0;
		};
/* End PBXFrameworksBuildPhase section */

/* Begin PBXGroup section */
		9818DF111EC7B0B80057081A = {
			isa = PBXGroup;
			children = (
				9818DF1C1EC7B0B80057081A /* KVOTest */,
				9818DF1B1EC7B0B80057081A /* Products */,
			);
			sourceTree = "<group>";
		};
		9818DF1B1EC7B0B80057081A /* Products */ = {
			isa = PBXGroup;
			children = (
				9818DF1A1EC7B0B80057081A /* KVOTest.app */,
			);
			name = Products;
			sourceTree = "<group>";
		};
		9818DF1C1EC7B0B80057081A /* KVOTest */ = {
			isa = PBXGroup;
			children = (
				9818DF1D1EC7B0B80057081A /* AppDelegate.swift */,
				9818DF1F1EC7B0B80057081A /* ViewController.swift */,
				9818DF2F1EC7B13E0057081A /* Configuration.swift */,
				9818DF311EC7B17A0057081A /* ConfigurationManager.swift */,
				9818DF211EC7B0B80057081A /* Main.storyboard */,
				9818DF241EC7B0B80057081A /* Assets.xcassets */,
				9818DF261EC7B0B80057081A /* LaunchScreen.storyboard */,
				9818DF291EC7B0B80057081A /* Info.plist */,
			);
			path = KVOTest;
			sourceTree = "<group>";
		};
/* End PBXGroup section */

/* Begin PBXNativeTarget section */
		9818DF191EC7B0B80057081A /* KVOTest */ = {
			isa = PBXNativeTarget;
			buildConfigurationList = 9818DF2C1EC7B0B80057081A /* Build configuration list for PBXNativeTarget "KVOTest" */;
			buildPhases = (
				9818DF161EC7B0B80057081A /* Sources */,
				9818DF171EC7B0B80057081A /* Frameworks */,
				9818DF181EC7B0B80057081A /* Resources */,
			);
			buildRules = (
			);
			dependencies = (
			);
			name = KVOTest;
			productName = KVOTest;
			productReference = 9818DF1A1EC7B0B80057081A /* KVOTest.app */;
			productType = "com.apple.product-type.application";
		};
/* End PBXNativeTarget section */

/* Begin PBXProject section */
		9818DF121EC7B0B80057081A /* Project object */ = {
			isa = PBXProject;
			attributes = {
				LastSwiftUpdateCheck = 0830;
				LastUpgradeCheck = 0830;
				ORGANIZATIONNAME = "Jack Ngai";
				TargetAttributes = {
					9818DF191EC7B0B80057081A = {
						CreatedOnToolsVersion = 8.3.2;
						DevelopmentTeam = 56SGSJ5YCY;
						ProvisioningStyle = Automatic;
					};
				};
			};
			buildConfigurationList = 9818DF151EC7B0B80057081A /* Build configuration list for PBXProject "KVOTest" */;
			compatibilityVersion = "Xcode 3.2";
			developmentRegion = English;
			hasScannedForEncodings = 0;
			knownRegions = (
				en,
				Base,
			);
			mainGroup = 9818DF111EC7B0B80057081A;
			productRefGroup = 9818DF1B1EC7B0B80057081A /* Products */;
			projectDirPath = "";
			projectRoot = "";
			targets = (
				9818DF191EC7B0B80057081A /* KVOTest */,
			);
		};
/* End PBXProject section */

/* Begin PBXResourcesBuildPhase section */
		9818DF181EC7B0B80057081A /* Resources */ = {
			isa = PBXResourcesBuildPhase;
			buildActionMask = 2147483647;
			files = (
				9818DF281EC7B0B80057081A /* LaunchScreen.storyboard in Resources */,
				9818DF251EC7B0B80057081A /* Assets.xcassets in Resources */,
				9818DF231EC7B0B80057081A /* Main.storyboard in Resources */,
			);
			runOnlyForDeploymentPostprocessing = 0;
		};
/* End PBXResourcesBuildPhase section */

/* Begin PBXSourcesBuildPhase section */
		9818DF161EC7B0B80057081A /* Sources */ = {
			isa = PBXSourcesBuildPhase;
			buildActionMask = 2147483647;
			files = (
				9818DF321EC7B17A0057081A /* ConfigurationManager.swift in Sources */,
				9818DF301EC7B13E0057081A /* Configuration.swift in Sources */,
				9818DF201EC7B0B80057081A /* ViewController.swift in Sources */,
				9818DF1E1EC7B0B80057081A /* AppDelegate.swift in Sources */,
			);
			runOnlyForDeploymentPostprocessing = 0;
		};
/* End PBXSourcesBuildPhase section */

/* Begin PBXVariantGroup section */
		9818DF211EC7B0B80057081A /* Main.storyboard */ = {
			isa = PBXVariantGroup;
			children = (
				9818DF221EC7B0B80057081A /* Base */,
			);
			name = Main.storyboard;
			sourceTree = "<group>";
		};
		9818DF261EC7B0B80057081A /* LaunchScreen.storyboard */ = {
			isa = PBXVariantGroup;
			children = (
				9818DF271EC7B0B80057081A /* Base */,
			);
			name = LaunchScreen.storyboard;
			sourceTree = "<group>";
		};
/* End PBXVariantGroup section */

/* Begin XCBuildConfiguration section */
		9818DF2A1EC7B0B80057081A /* Debug */ = {
			isa = XCBuildConfiguration;
			buildSettings = {
				ALWAYS_SEARCH_USER_PATHS = NO;
				CLANG_ANALYZER_NONNULL = YES;
				CLANG_ANALYZER_NUMBER_OBJECT_CONVERSION = YES_AGGRESSIVE;
				CLANG_CXX_LANGUAGE_STANDARD = "gnu++0x";
				CLANG_CXX_LIBRARY = "libc++";
				CLANG_ENABLE_MODULES = YES;
				CLANG_ENABLE_OBJC_ARC = YES;
				CLANG_WARN_BOOL_CONVERSION = YES;
				CLANG_WARN_CONSTANT_CONVERSION = YES;
				CLANG_WARN_DIRECT_OBJC_ISA_USAGE = YES_ERROR;
				CLANG_WARN_DOCUMENTATION_COMMENTS = YES;
				CLANG_WARN_EMPTY_BODY = YES;
				CLANG_WARN_ENUM_CONVERSION = YES;
				CLANG_WARN_INFINITE_RECURSION = YES;
				CLANG_WARN_INT_CONVERSION = YES;
				CLANG_WARN_OBJC_ROOT_CLASS = YES_ERROR;
				CLANG_WARN_SUSPICIOUS_MOVE = YES;
				CLANG_WARN_UNREACHABLE_CODE = YES;
				CLANG_WARN__DUPLICATE_METHOD_MATCH = YES;
				"CODE_SIGN_IDENTITY[sdk=iphoneos*]" = "iPhone Developer";
				COPY_PHASE_STRIP = NO;
				DEBUG_INFORMATION_FORMAT = dwarf;
				ENABLE_STRICT_OBJC_MSGSEND = YES;
				ENABLE_TESTABILITY = YES;
				GCC_C_LANGUAGE_STANDARD = gnu99;
				GCC_DYNAMIC_NO_PIC = NO;
				GCC_NO_COMMON_BLOCKS = YES;
				GCC_OPTIMIZATION_LEVEL = 0;
				GCC_PREPROCESSOR_DEFINITIONS = (
					"DEBUG=1",
					"$(inherited)",
				);
				GCC_WARN_64_TO_32_BIT_CONVERSION = YES;
				GCC_WARN_ABOUT_RETURN_TYPE = YES_ERROR;
				GCC_WARN_UNDECLARED_SELECTOR = YES;
				GCC_WARN_UNINITIALIZED_AUTOS = YES_AGGRESSIVE;
				GCC_WARN_UNUSED_FUNCTION = YES;
				GCC_WARN_UNUSED_VARIABLE = YES;
				IPHONEOS_DEPLOYMENT_TARGET = 10.3;
				MTL_ENABLE_DEBUG_INFO = YES;
				ONLY_ACTIVE_ARCH = YES;
				SDKROOT = iphoneos;
				SWIFT_ACTIVE_COMPILATION_CONDITIONS = DEBUG;
				SWIFT_OPTIMIZATION_LEVEL = "-Onone";
				TARGETED_DEVICE_FAMILY = "1,2";
			};
			name = Debug;
		};
		9818DF2B1EC7B0B80057081A /* Release */ = {
			isa = XCBuildConfiguration;
			buildSettings = {
				ALWAYS_SEARCH_USER_PATHS = NO;
				CLANG_ANALYZER_NONNULL = YES;
				CLANG_ANALYZER_NUMBER_OBJECT_CONVERSION = YES_AGGRESSIVE;
				CLANG_CXX_LANGUAGE_STANDARD = "gnu++0x";
				CLANG_CXX_LIBRARY = "libc++";
				CLANG_ENABLE_MODULES = YES;
				CLANG_ENABLE_OBJC_ARC = YES;
				CLANG_WARN_BOOL_CONVERSION = YES;
				CLANG_WARN_CONSTANT_CONVERSION = YES;
				CLANG_WARN_DIRECT_OBJC_ISA_USAGE = YES_ERROR;
				CLANG_WARN_DOCUMENTATION_COMMENTS = YES;
				CLANG_WARN_EMPTY_BODY = YES;
				CLANG_WARN_ENUM_CONVERSION = YES;
				CLANG_WARN_INFINITE_RECURSION = YES;
				CLANG_WARN_INT_CONVERSION = YES;
				CLANG_WARN_OBJC_ROOT_CLASS = YES_ERROR;
				CLANG_WARN_SUSPICIOUS_MOVE = YES;
				CLANG_WARN_UNREACHABLE_CODE = YES;
				CLANG_WARN__DUPLICATE_METHOD_MATCH = YES;
				"CODE_SIGN_IDENTITY[sdk=iphoneos*]" = "iPhone Developer";
				COPY_PHASE_STRIP = NO;
				DEBUG_INFORMATION_FORMAT = "dwarf-with-dsym";
				ENABLE_NS_ASSERTIONS = NO;
				ENABLE_STRICT_OBJC_MSGSEND = YES;
				GCC_C_LANGUAGE_STANDARD = gnu99;
				GCC_NO_COMMON_BLOCKS = YES;
				GCC_WARN_64_TO_32_BIT_CONVERSION = YES;
				GCC_WARN_ABOUT_RETURN_TYPE = YES_ERROR;
				GCC_WARN_UNDECLARED_SELECTOR = YES;
				GCC_WARN_UNINITIALIZED_AUTOS = YES_AGGRESSIVE;
				GCC_WARN_UNUSED_FUNCTION = YES;
				GCC_WARN_UNUSED_VARIABLE = YES;
				IPHONEOS_DEPLOYMENT_TARGET = 10.3;
				MTL_ENABLE_DEBUG_INFO = NO;
				SDKROOT = iphoneos;
				SWIFT_OPTIMIZATION_LEVEL = "-Owholemodule";
				TARGETED_DEVICE_FAMILY = "1,2";
				VALIDATE_PRODUCT = YES;
			};
			name = Release;
		};
		9818DF2D1EC7B0B80057081A /* Debug */ = {
			isa = XCBuildConfiguration;
			buildSettings = {
				ASSETCATALOG_COMPILER_APPICON_NAME = AppIcon;
				DEVELOPMENT_TEAM = 56SGSJ5YCY;
				INFOPLIST_FILE = KVOTest/Info.plist;
				LD_RUNPATH_SEARCH_PATHS = "$(inherited) @executable_path/Frameworks";
				PRODUCT_BUNDLE_IDENTIFIER = com.jackngai.KVOTest;
				PRODUCT_NAME = "$(TARGET_NAME)";
				SWIFT_VERSION = 3.0;
			};
			name = Debug;
		};
		9818DF2E1EC7B0B80057081A /* Release */ = {
			isa = XCBuildConfiguration;
			buildSettings = {
				ASSETCATALOG_COMPILER_APPICON_NAME = AppIcon;
				DEVELOPMENT_TEAM = 56SGSJ5YCY;
				INFOPLIST_FILE = KVOTest/Info.plist;
				LD_RUNPATH_SEARCH_PATHS = "$(inherited) @executable_path/Frameworks";
				PRODUCT_BUNDLE_IDENTIFIER = com.jackngai.KVOTest;
				PRODUCT_NAME = "$(TARGET_NAME)";
				SWIFT_VERSION = 3.0;
			};
			name = Release;
		};
/* End XCBuildConfiguration section */

/* Begin XCConfigurationList section */
		9818DF151EC7B0B80057081A /* Build configuration list for PBXProject "KVOTest" */ = {
			isa = XCConfigurationList;
			buildConfigurations = (
				9818DF2A1EC7B0B80057081A /* Debug */,
				9818DF2B1EC7B0B80057081A /* Release */,
			);
			defaultConfigurationIsVisible = 0;
			defaultConfigurationName = Release;
		};
		9818DF2C1EC7B0B80057081A /* Build configuration list for PBXNativeTarget "KVOTest" */ = {
			isa = XCConfigurationList;
			buildConfigurations = (
				9818DF2D1EC7B0B80057081A /* Debug */,
				9818DF2E1EC7B0B80057081A /* Release */,
			);
			defaultConfigurationIsVisible = 0;
		};
/* End XCConfigurationList section */
	};
	rootObject = 9818DF121EC7B0B80057081A /* Project object */;
}
